
Microsoft Visual Studio Solution File, Format Version 12.00
# Visual Studio Version 16
VisualStudioVersion = 25.0.1700.0
MinimumVisualStudioVersion = 10.0.40219.1
Project("{FAE04EC0-301F-11D3-BF4B-00C04F79EFBC}") = "Activity5", "Activity5.csproj", "{84F5DF95-FF13-4A59-8EA6-BC1D6B80F8E5}"
EndProject
Global
	GlobalSection(SolutionConfigurationPlatforms) = preSolution
		Debug|Any CPU = Debug|Any CPU
		Release|Any CPU = Release|Any CPU
	EndGlobalSection
	GlobalSection(ProjectConfigurationPlatforms) = postSolution
		{84F5DF95-FF13-4A59-8EA6-BC1D6B80F8E5}.Debug|Any CPU.ActiveCfg = Debug|Any CPU
		{84F5DF95-FF13-4A59-8EA6-BC1D6B80F8E5}.Debug|Any CPU.Build.0 = Debug|Any CPU
		{84F5DF95-FF13-4A59-8EA6-BC1D6B80F8E5}.Release|Any CPU.ActiveCfg = Release|Any CPU
		{84F5DF95-FF13-4A59-8EA6-BC1D6B80F8E5}.Release|Any CPU.Build.0 = Release|Any CPU
	EndGlobalSection
	GlobalSection(SolutionProperties) = preSolution
		HideSolutionNode = FALSE
	EndGlobalSection
	GlobalSection(ExtensibilityGlobals) = postSolution
		SolutionGuid = {C1637BD2-868B-4B4A-82D2-E91E3066C537}
	EndGlobalSection
EndGlobal
